
Microsoft Visual Studio Solution File, Format Version 12.00
# Visual Studio Version 16
VisualStudioVersion = 16.0.29728.190
MinimumVisualStudioVersion = 10.0.40219.1
Project("{FAE04EC0-301F-11D3-BF4B-00C04F79EFBC}") = "lab5OOP", "lab5OOP.csproj", "{361C6B0D-F23C-42AC-9124-CD64A3C6C129}"
EndProject
Global
	GlobalSection(SolutionConfigurationPlatforms) = preSolution
		Debug|Any CPU = Debug|Any CPU
		Release|Any CPU = Release|Any CPU
	EndGlobalSection
	GlobalSection(ProjectConfigurationPlatforms) = postSolution
		{361C6B0D-F23C-42AC-9124-CD64A3C6C129}.Debug|Any CPU.ActiveCfg = Debug|Any CPU
		{361C6B0D-F23C-42AC-9124-CD64A3C6C129}.Debug|Any CPU.Build.0 = Debug|Any CPU
		{361C6B0D-F23C-42AC-9124-CD64A3C6C129}.Release|Any CPU.ActiveCfg = Release|Any CPU
		{361C6B0D-F23C-42AC-9124-CD64A3C6C129}.Release|Any CPU.Build.0 = Release|Any CPU
	EndGlobalSection
	GlobalSection(SolutionProperties) = preSolution
		HideSolutionNode = FALSE
	EndGlobalSection
	GlobalSection(ExtensibilityGlobals) = postSolution
		SolutionGuid = {1B22EF5F-423D-49A4-A653-664918E20E95}
	EndGlobalSection
EndGlobal
